# Meal Picker Structure Lock File
# Generated: November 24, 2025
# 
# These are the canonical SHA256 checksums for locked meal picker components.
# ANY changes to these files MUST be approved by architect and require hash regeneration.
# 
# PROTECTED FILES (Structure LOCKED - NO modifications allowed):
# - AIMealCreatorModal.tsx: The AI meal creation modal
# - MealPremadePicker.tsx: The premade meal selection picker
#
# ALLOWED CHANGES:
# - Data files (snackIngredients.ts, diabeticPremadeSnacks.ts, etc.) are NOT in this lock
# - Data additions/changes are permitted without hash updates
#
# PROHIBITED CHANGES:
# - UI structure modifications
# - Adding new sections/banners/inputs
# - Changing modal layout
# - Modifying grid rendering logic
#
# To regenerate hashes (requires architect approval):
# ./scripts/generate-meal-picker-checksums.sh

a635e3e50f06fef9688ded09b73da7e88c057cacaec8c0252d93946cbe5c64c6  client/src/components/modals/AIMealCreatorModal.tsx
f0a76ff6e4e68fba015bbce142952958f56e9f07f86048e956db5161ffa9fa3d  client/src/components/pickers/MealPremadePicker.tsx
