# Modal Viewport Gate — fingerprint of last passing run
# Generated by: scripts/run-modal-viewport-tests.sh
# Specs: client/e2e/inspiration-capture-modal-viewport.spec.ts
#        client/e2e/universal-modal-viewport.spec.ts
# Architecture: docs/responsive-ui-regression-guard.md Gate 1
#
# pre-publish-validate.sh reads this file.  If universal-modal.tsx or
# dialog.tsx changes after this run, the fingerprints will not match and
# the pre-publish check will re-run the viewport tests automatically.
#
# To force a re-run regardless of fingerprint state:
#   bash scripts/run-modal-viewport-tests.sh
timestamp=2026-08-21T18:37:36Z
universal_modal_sha256=c8d7cff15e8db7fef4009c5e9d2021cc841034c735115dc07dbb581d6509501a
dialog_sha256=b64dbdeb19f6ccb68059697c0cae25e61053cadea4c2fa3400f3ed3bf842ff6b
