PODS:
  - Capacitor (7.4.4):
    - CapacitorCordova
  - CapacitorCordova (7.4.4)
  - CapacitorGeolocation (8.0.0):
    - Capacitor
    - IONGeolocationLib (= 2.0.0)
  - CapacitorSplashScreen (8.0.0):
    - Capacitor
  - IONGeolocationLib (2.0.0)
  - SquareetlabsCapacitorSubscriptions (1.0.25):
    - Capacitor

DEPENDENCIES:
  - "Capacitor (from `../../node_modules/@capacitor/ios`)"
  - "CapacitorCordova (from `../../node_modules/@capacitor/ios`)"
  - "CapacitorGeolocation (from `../../node_modules/@capacitor/geolocation`)"
  - "CapacitorSplashScreen (from `../../node_modules/@capacitor/splash-screen`)"
  - "SquareetlabsCapacitorSubscriptions (from `../../node_modules/@squareetlabs/capacitor-subscriptions`)"

SPEC REPOS:
  trunk:
    - IONGeolocationLib

EXTERNAL SOURCES:
  Capacitor:
    :path: "../../node_modules/@capacitor/ios"
  CapacitorCordova:
    :path: "../../node_modules/@capacitor/ios"
  CapacitorGeolocation:
    :path: "../../node_modules/@capacitor/geolocation"
  CapacitorSplashScreen:
    :path: "../../node_modules/@capacitor/splash-screen"
  SquareetlabsCapacitorSubscriptions:
    :path: "../../node_modules/@squareetlabs/capacitor-subscriptions"

SPEC CHECKSUMS:
  Capacitor: 358dd1c3fdd71d969547b17e159fd8a7736cb45f
  CapacitorCordova: bf648a636f3c153f652d312ae145fb508b6ffced
  CapacitorGeolocation: 8a405e707de9aff6ac9eca7f408966a370f7ca33
  CapacitorSplashScreen: 422880d7117605c30699eb4b21644b62db42e86c
  IONGeolocationLib: a5e40b54edc2ee9902036eda5aaa41ddf07bb68d
  SquareetlabsCapacitorSubscriptions: 9ebfcd67efe366bdd10f1e7b5ff15e50aa5cb548

PODFILE CHECKSUM: 447a023164ba01851fc948adacf08a53be2e25c4

COCOAPODS: 1.16.2
